lockfileVersion: '9.0'

settings:
  autoInstallPeers: true
  excludeLinksFromLockfile: false

importers:

  .:
    devDependencies:
      fake-indexeddb:
        specifier: ^6.2.5
        version: 6.2.5

packages:

  fake-indexeddb@6.2.5:
    resolution: {integrity: sha512-CGnyrvbhPlWYMngksqrSSUT1BAVP49dZocrHuK0SvtR0D5TMs5wP0o3j7jexDJW01KSadjBp1M/71o/KR3nD1w==}
    engines: {node: '>=18'}

snapshots:

  fake-indexeddb@6.2.5: {}
